
Microsoft Visual Studio Solution File, Format Version 12.00
# Visual Studio Version 17
VisualStudioVersion = 17.5.33530.505
MinimumVisualStudioVersion = 10.0.40219.1
Project("{FAE04EC0-301F-11D3-BF4B-00C04F79EFBC}") = "55", "55\55.csproj", "{B564BA73-E336-4AA3-9FCF-72EC7E135AD3}"
EndProject
Global
	GlobalSection(SolutionConfigurationPlatforms) = preSolution
		Debug|Any CPU = Debug|Any CPU
		Release|Any CPU = Release|Any CPU
	EndGlobalSection
	GlobalSection(ProjectConfigurationPlatforms) = postSolution
		{B564BA73-E336-4AA3-9FCF-72EC7E135AD3}.Debug|Any CPU.ActiveCfg = Debug|Any CPU
		{B564BA73-E336-4AA3-9FCF-72EC7E135AD3}.Debug|Any CPU.Build.0 = Debug|Any CPU
		{B564BA73-E336-4AA3-9FCF-72EC7E135AD3}.Release|Any CPU.ActiveCfg = Release|Any CPU
		{B564BA73-E336-4AA3-9FCF-72EC7E135AD3}.Release|Any CPU.Build.0 = Release|Any CPU
	EndGlobalSection
	GlobalSection(SolutionProperties) = preSolution
		HideSolutionNode = FALSE
	EndGlobalSection
	GlobalSection(ExtensibilityGlobals) = postSolution
		SolutionGuid = {369801C9-84F6-46CD-A174-3E70D3E06F9F}
	EndGlobalSection
EndGlobal
